<?xml version="1.0" encoding="utf-8"?>
<Project ToolsVersion="4.0" xmlns="http://schemas.microsoft.com/developer/msbuild/2003">
  <ItemGroup>
    <Filter Include="Source Files">
      <UniqueIdentifier>{4FC737F1-C7A5-4376-A066-2A32D752A2FF}</UniqueIdentifier>
      <Extensions>cpp;c;cc;cxx;def;odl;idl;hpj;bat;asm;asmx</Extensions>
    </Filter>
    <Filter Include="Header Files">
      <UniqueIdentifier>{93995380-89BD-4b04-88EB-625FBE52EBFB}</UniqueIdentifier>
      <Extensions>h;hpp;hxx;hm;inl;inc;xsd</Extensions>
    </Filter>
    <Filter Include="Resource Files">
      <UniqueIdentifier>{67DA6AB6-F800-4c08-8B7A-83BB121AAD01}</UniqueIdentifier>
      <Extensions>rc;ico;cur;bmp;dlg;rc2;rct;bin;rgs;gif;jpg;jpeg;jpe;resx;tiff;tif;png;wav;mfcribbon-ms</Extensions>
    </Filter>
    <Filter Include="Header Files\Actions">
      <UniqueIdentifier>{3d6ea3bb-32cc-43da-9566-710f097940e0}</UniqueIdentifier>
    </Filter>
    <Filter Include="Source Files\Actions">
      <UniqueIdentifier>{7e7b66a3-70f4-4ac5-99c3-0350d9f74e4a}</UniqueIdentifier>
    </Filter>
  </ItemGroup>
  <ItemGroup>
    <None Include="ReadMe.txt" />
    <None Include="icon1.ico">
      <Filter>Resource Files</Filter>
    </None>
  </ItemGroup>
  <ItemGroup>
    <ClInclude Include="stdafx.h">
      <Filter>Header Files</Filter>
    </ClInclude>
    <ClInclude Include="targetver.h">
      <Filter>Header Files</Filter>
    </ClInclude>
    <ClInclude Include="GeneratedFiles\ui_MainWindow.h">
      <Filter>Header Files</Filter>
    </ClInclude>
    <ClInclude Include="MyActionInterface.h">
      <Filter>Header Files</Filter>
    </ClInclude>
    <ClInclude Include="DrawTrackingBoxPost.h">
      <Filter>Header Files</Filter>
    </ClInclude>
    <ClInclude Include="GeneratedFiles\ui_CubeSettings.h">
      <Filter>Header Files</Filter>
    </ClInclude>
    <ClInclude Include="GeneratedFiles\ui_ExportImage.h">
      <Filter>Header Files</Filter>
    </ClInclude>
    <ClInclude Include="GeneratedFiles\ui_ModeSettings.h">
      <Filter>Header Files</Filter>
    </ClInclude>
    <ClInclude Include="ConfigAccesser.h">
      <Filter>Header Files</Filter>
    </ClInclude>
    <ClInclude Include="GeneratedFiles\ui_QwtPlotDialog.h">
      <Filter>Header Files</Filter>
    </ClInclude>
    <ClInclude Include="ExportImageAtion.h">
      <Filter>Header Files\Actions</Filter>
    </ClInclude>
    <ClInclude Include="RestorePointerAction.h">
      <Filter>Header Files\Actions</Filter>
    </ClInclude>
    <ClInclude Include="ScaleToMapAction.h">
      <Filter>Header Files\Actions</Filter>
    </ClInclude>
    <ClInclude Include="StartTrackingAction.h">
      <Filter>Header Files\Actions</Filter>
    </ClInclude>
    <ClInclude Include="StopTrackingAction.h">
      <Filter>Header Files\Actions</Filter>
    </ClInclude>
    <ClInclude Include="TrackBoxSettingAction.h">
      <Filter>Header Files\Actions</Filter>
    </ClInclude>
    <ClInclude Include="PauseTrackingAction.h">
      <Filter>Header Files\Actions</Filter>
    </ClInclude>
    <ClInclude Include="resource.h">
      <Filter>Header Files</Filter>
    </ClInclude>
    <ClInclude Include="DistroScaleDraw.h">
      <Filter>Header Files</Filter>
    </ClInclude>
    <ClInclude Include="NextFrameAction.h">
      <Filter>Header Files\Actions</Filter>
    </ClInclude>
    <ClInclude Include="PrevFrameAction.h">
      <Filter>Header Files\Actions</Filter>
    </ClInclude>
    <ClInclude Include="FileNameDockList.h">
      <Filter>Header Files</Filter>
    </ClInclude>
    <ClInclude Include="TrackBoxDockList.h">
      <Filter>Header Files</Filter>
    </ClInclude>
    <ClInclude Include="GeneratedFiles\ui_ListDockWidget.h">
      <Filter>Header Files</Filter>
    </ClInclude>
    <ClInclude Include="PlayHistoryTrackAction.h">
      <Filter>Header Files\Actions</Filter>
    </ClInclude>
    <ClInclude Include="GeneratedFiles\ui_TabPlot.h">
      <Filter>Header Files</Filter>
    </ClInclude>
    <ClInclude Include="DirectStartStrackAcion.h">
      <Filter>Header Files\Actions</Filter>
    </ClInclude>
    <ClInclude Include="NcFileLayerDockCheckBox.h">
      <Filter>Header Files</Filter>
    </ClInclude>
    <ClInclude Include="GeneratedFiles\ui_LayerDaockWidget.h">
      <Filter>Header Files</Filter>
    </ClInclude>
    <ClInclude Include="GeneratedFiles\ui_ClipNcFileImage.h">
      <Filter>Header Files</Filter>
    </ClInclude>
    <ClInclude Include="GeneratedFiles\ui_PaoDianDockWidget.h">
      <Filter>Header Files</Filter>
    </ClInclude>
    <ClInclude Include="DrawClipLine.h">
      <Filter>Header Files</Filter>
    </ClInclude>
    <ClInclude Include="GeneratedFiles\ui_SectionDialog.h">
      <Filter>Header Files</Filter>
    </ClInclude>
    <ClInclude Include="GetTrackBoxListInterface.h">
      <Filter>Header Files</Filter>
    </ClInclude>
    <ClInclude Include="GetTrackBoxListImps.h">
      <Filter>Header Files</Filter>
    </ClInclude>
    <ClInclude Include="GeneratedFiles\ui_PaoDianListDialog.h">
      <Filter>Header Files</Filter>
    </ClInclude>
    <ClInclude Include="FlightAndRasterWindow.h">
      <Filter>Header Files</Filter>
    </ClInclude>
  </ItemGroup>
  <ItemGroup>
    <ClCompile Include="stdafx.cpp">
      <Filter>Source Files</Filter>
    </ClCompile>
    <ClCompile Include="RadarEchoTracking.cpp">
      <Filter>Source Files</Filter>
    </ClCompile>
    <ClCompile Include="MyActionInterface.cpp">
      <Filter>Source Files</Filter>
    </ClCompile>
    <ClCompile Include="MainWindow.cpp">
      <Filter>Source Files</Filter>
    </ClCompile>
    <ClCompile Include="GeneratedFiles\moc_MainWindow.cpp">
      <Filter>Source Files</Filter>
    </ClCompile>
    <ClCompile Include="DrawTrackingBoxPost.cpp">
      <Filter>Source Files</Filter>
    </ClCompile>
    <ClCompile Include="ConfigAccesser.cpp">
      <Filter>Source Files</Filter>
    </ClCompile>
    <ClCompile Include="ModeSettingDialogImps.cpp">
      <Filter>Source Files</Filter>
    </ClCompile>
    <ClCompile Include="GeneratedFiles\moc_ModeSettingDialogImps.cpp">
      <Filter>Source Files</Filter>
    </ClCompile>
    <ClCompile Include="CubeSettingsDialogImps.cpp">
      <Filter>Source Files</Filter>
    </ClCompile>
    <ClCompile Include="DataInputSettingAction.cpp">
      <Filter>Source Files\Actions</Filter>
    </ClCompile>
    <ClCompile Include="ExportImageAtion.cpp">
      <Filter>Source Files\Actions</Filter>
    </ClCompile>
    <ClCompile Include="RestorePointerAction.cpp">
      <Filter>Source Files\Actions</Filter>
    </ClCompile>
    <ClCompile Include="ScaleToMapAction.cpp">
      <Filter>Source Files\Actions</Filter>
    </ClCompile>
    <ClCompile Include="StartTrackingAction.cpp">
      <Filter>Source Files\Actions</Filter>
    </ClCompile>
    <ClCompile Include="StopTrackingAction.cpp">
      <Filter>Source Files\Actions</Filter>
    </ClCompile>
    <ClCompile Include="TrackBoxSettingAction.cpp">
      <Filter>Source Files\Actions</Filter>
    </ClCompile>
    <ClCompile Include="PauseTrackingAction.cpp">
      <Filter>Source Files\Actions</Filter>
    </ClCompile>
    <ClCompile Include="TrecCallbackImps.cpp">
      <Filter>Source Files</Filter>
    </ClCompile>
    <ClCompile Include="GeneratedFiles\moc_TrecCallbackImps.cpp">
      <Filter>Source Files</Filter>
    </ClCompile>
    <ClCompile Include="QwtPlotDialogImps.cpp">
      <Filter>Source Files</Filter>
    </ClCompile>
    <ClCompile Include="DistroScaleDraw.cpp">
      <Filter>Source Files</Filter>
    </ClCompile>
    <ClCompile Include="NextFrameAction.cpp">
      <Filter>Source Files\Actions</Filter>
    </ClCompile>
    <ClCompile Include="PrevFrameAction.cpp">
      <Filter>Source Files\Actions</Filter>
    </ClCompile>
    <ClCompile Include="FileNameDockList.cpp">
      <Filter>Source Files</Filter>
    </ClCompile>
    <ClCompile Include="TrackBoxDockList.cpp">
      <Filter>Source Files</Filter>
    </ClCompile>
    <ClCompile Include="PlayHistoryTrackAction.cpp">
      <Filter>Source Files\Actions</Filter>
    </ClCompile>
    <ClCompile Include="DirectStartStrackAction.cpp">
      <Filter>Source Files\Actions</Filter>
    </ClCompile>
    <ClCompile Include="GeneratedFiles\moc_CubeSettingsDialogImps.cpp">
      <Filter>Source Files</Filter>
    </ClCompile>
    <ClCompile Include="NcFileLayerDockCheckBox.cpp">
      <Filter>Source Files</Filter>
    </ClCompile>
    <ClCompile Include="GeneratedFiles\moc_QwtPlotDialogImps.cpp">
      <Filter>Source Files</Filter>
    </ClCompile>
    <ClCompile Include="PaoDianDockWidget.cpp">
      <Filter>Source Files</Filter>
    </ClCompile>
    <ClCompile Include="GeneratedFiles\moc_PaoDianDockWidget.cpp">
      <Filter>Source Files</Filter>
    </ClCompile>
    <ClCompile Include="DrawClipLine.cpp">
      <Filter>Source Files</Filter>
    </ClCompile>
    <ClCompile Include="SectionImageDialog.cpp">
      <Filter>Source Files</Filter>
    </ClCompile>
    <ClCompile Include="GeneratedFiles\moc_SectionImageDialog.cpp">
      <Filter>Source Files</Filter>
    </ClCompile>
    <ClCompile Include="GetTrackBoxListImps.cpp">
      <Filter>Source Files</Filter>
    </ClCompile>
    <ClCompile Include="PaoDianListDialog.cpp">
      <Filter>Source Files</Filter>
    </ClCompile>
    <ClCompile Include="GeneratedFiles\moc_PaoDianListDialog.cpp">
      <Filter>Source Files</Filter>
    </ClCompile>
    <ClCompile Include="FlightAndRasterWindow.cpp">
      <Filter>Source Files</Filter>
    </ClCompile>
  </ItemGroup>
  <ItemGroup>
    <CustomBuild Include="MainWindow.ui">
      <Filter>Resource Files</Filter>
    </CustomBuild>
    <CustomBuild Include="MainWindow.h">
      <Filter>Header Files</Filter>
    </CustomBuild>
    <CustomBuild Include="CubeSettings.ui">
      <Filter>Resource Files</Filter>
    </CustomBuild>
    <CustomBuild Include="ExportImage.ui">
      <Filter>Resource Files</Filter>
    </CustomBuild>
    <CustomBuild Include="ModeSettings.ui">
      <Filter>Resource Files</Filter>
    </CustomBuild>
    <CustomBuild Include="ModeSettingDialogImps.h">
      <Filter>Header Files</Filter>
    </CustomBuild>
    <CustomBuild Include="QwtPlotDialog.ui">
      <Filter>Resource Files</Filter>
    </CustomBuild>
    <CustomBuild Include="TrecCallbackImps.h">
      <Filter>Header Files</Filter>
    </CustomBuild>
    <CustomBuild Include="DataInputSettingAction.h">
      <Filter>Header Files\Actions</Filter>
    </CustomBuild>
    <CustomBuild Include="ListDockWidget.ui">
      <Filter>Resource Files</Filter>
    </CustomBuild>
    <CustomBuild Include="TabPlot.ui">
      <Filter>Resource Files</Filter>
    </CustomBuild>
    <CustomBuild Include="CubeSettingsDialogImps.h">
      <Filter>Header Files</Filter>
    </CustomBuild>
    <CustomBuild Include="LayerDaockWidget.ui">
      <Filter>Resource Files</Filter>
    </CustomBuild>
    <CustomBuild Include="QwtPlotDialogImps.h">
      <Filter>Header Files</Filter>
    </CustomBuild>
    <CustomBuild Include="ClipNcFileImage.ui">
      <Filter>Resource Files</Filter>
    </CustomBuild>
    <CustomBuild Include="PaoDianDockWidget.ui">
      <Filter>Resource Files</Filter>
    </CustomBuild>
    <CustomBuild Include="PaoDianDockWidget.h">
      <Filter>Header Files</Filter>
    </CustomBuild>
    <CustomBuild Include="SectionDialog.ui">
      <Filter>Resource Files</Filter>
    </CustomBuild>
    <CustomBuild Include="SectionImageDialog.h">
      <Filter>Header Files</Filter>
    </CustomBuild>
    <CustomBuild Include="PaoDianListDialog.ui">
      <Filter>Resource Files</Filter>
    </CustomBuild>
    <CustomBuild Include="PaoDianListDialog.h">
      <Filter>Header Files</Filter>
    </CustomBuild>
    <CustomBuild Include="FlightAndRaster.ui">
      <Filter>Resource Files</Filter>
    </CustomBuild>
  </ItemGroup>
  <ItemGroup>
    <ResourceCompile Include="BJApp.rc">
      <Filter>Resource Files</Filter>
    </ResourceCompile>
  </ItemGroup>
</Project>